
Microsoft Visual Studio Solution File, Format Version 12.00
Project("{FAE04EC0-301F-11D3-BF4B-00C04F79EFBC}") = "Test", "Test\Test.csproj", "{F63A406B-56F8-4FF4-8127-9DE9ABB5662F}"
EndProject
Global
	GlobalSection(SolutionConfigurationPlatforms) = preSolution
		Debug|Any CPU = Debug|Any CPU
		Release|Any CPU = Release|Any CPU
	EndGlobalSection
	GlobalSection(ProjectConfigurationPlatforms) = postSolution
		{F63A406B-56F8-4FF4-8127-9DE9ABB5662F}.Debug|Any CPU.ActiveCfg = Debug|Any CPU
		{F63A406B-56F8-4FF4-8127-9DE9ABB5662F}.Debug|Any CPU.Build.0 = Debug|Any CPU
		{F63A406B-56F8-4FF4-8127-9DE9ABB5662F}.Release|Any CPU.ActiveCfg = Release|Any CPU
		{F63A406B-56F8-4FF4-8127-9DE9ABB5662F}.Release|Any CPU.Build.0 = Release|Any CPU
	EndGlobalSection
EndGlobal
