
Microsoft Visual Studio Solution File, Format Version 12.00
# Visual Studio 15
VisualStudioVersion = 15.0.27703.2026
MinimumVisualStudioVersion = 10.0.40219.1
Project("{FAE04EC0-301F-11D3-BF4B-00C04F79EFBC}") = "iEnumerableBeispiele", "iEnumerableBeispiele\iEnumerableBeispiele.csproj", "{FE4605D9-A950-4F26-A58F-4117A0961B6B}"
EndProject
Global
	GlobalSection(SolutionConfigurationPlatforms) = preSolution
		Debug|Any CPU = Debug|Any CPU
		Release|Any CPU = Release|Any CPU
	EndGlobalSection
	GlobalSection(ProjectConfigurationPlatforms) = postSolution
		{FE4605D9-A950-4F26-A58F-4117A0961B6B}.Debug|Any CPU.ActiveCfg = Debug|Any CPU
		{FE4605D9-A950-4F26-A58F-4117A0961B6B}.Debug|Any CPU.Build.0 = Debug|Any CPU
		{FE4605D9-A950-4F26-A58F-4117A0961B6B}.Release|Any CPU.ActiveCfg = Release|Any CPU
		{FE4605D9-A950-4F26-A58F-4117A0961B6B}.Release|Any CPU.Build.0 = Release|Any CPU
	EndGlobalSection
	GlobalSection(SolutionProperties) = preSolution
		HideSolutionNode = FALSE
	EndGlobalSection
	GlobalSection(ExtensibilityGlobals) = postSolution
		SolutionGuid = {747E1E7F-6814-4056-B125-BF77C6E5BF3C}
	EndGlobalSection
EndGlobal
