
Microsoft Visual Studio Solution File, Format Version 12.00
# Visual Studio 15
VisualStudioVersion = 15.0.27703.2026
MinimumVisualStudioVersion = 10.0.40219.1
Project("{FAE04EC0-301F-11D3-BF4B-00C04F79EFBC}") = "WindowsFormsApp1", "WindowsFormsApp1\WindowsFormsApp1.csproj", "{C62E762A-EAF0-414B-A239-282510A59744}"
EndProject
Global
	GlobalSection(SolutionConfigurationPlatforms) = preSolution
		Debug|Any CPU = Debug|Any CPU
		Release|Any CPU = Release|Any CPU
	EndGlobalSection
	GlobalSection(ProjectConfigurationPlatforms) = postSolution
		{C62E762A-EAF0-414B-A239-282510A59744}.Debug|Any CPU.ActiveCfg = Debug|Any CPU
		{C62E762A-EAF0-414B-A239-282510A59744}.Debug|Any CPU.Build.0 = Debug|Any CPU
		{C62E762A-EAF0-414B-A239-282510A59744}.Release|Any CPU.ActiveCfg = Release|Any CPU
		{C62E762A-EAF0-414B-A239-282510A59744}.Release|Any CPU.Build.0 = Release|Any CPU
	EndGlobalSection
	GlobalSection(SolutionProperties) = preSolution
		HideSolutionNode = FALSE
	EndGlobalSection
	GlobalSection(ExtensibilityGlobals) = postSolution
		SolutionGuid = {83EAA6E6-0BA9-4572-95BE-5206F8B1A2DE}
	EndGlobalSection
EndGlobal
